speakeasyVersion: 1.460.3
sources:
    Mixpeek API:
        sourceNamespace: mixpeek-api
        sourceRevisionDigest: sha256:e6a926141920d421acc26c403dc90887c24e9e6ce7e5c47924782a35219d99c1
        sourceBlobDigest: sha256:722d77daa116e00e26851fcc8f63bf3b02c1be31924fd7e1ab416548f07ddf52
        tags:
            - latest
            - speakeasy-sdk-regen-1735404797
            - "0.81"
targets:
    mixpeek:
        source: Mixpeek API
        sourceNamespace: mixpeek-api
        sourceRevisionDigest: sha256:e6a926141920d421acc26c403dc90887c24e9e6ce7e5c47924782a35219d99c1
        sourceBlobDigest: sha256:722d77daa116e00e26851fcc8f63bf3b02c1be31924fd7e1ab416548f07ddf52
        codeSamplesNamespace: mixpeek-api-python-code-samples
        codeSamplesRevisionDigest: sha256:99dbcfeb3ad45ce270f35e01c6638c0b727423836bf70bdb7fe8d8f3f776714e
workflow:
    workflowVersion: 1.0.0
    speakeasyVersion: latest
    sources:
        Mixpeek API:
            inputs:
                - location: https://api.mixpeek.com/docs/openapi.json
            overlays:
                - location: .speakeasy/speakeasy-modifications-overlay.yaml
                - location: security_overlay.yml
            registry:
                location: registry.speakeasyapi.dev/mixpeek/api/mixpeek-api
    targets:
        mixpeek:
            target: python
            source: Mixpeek API
            publish:
                pypi:
                    token: $pypi_token
            codeSamples:
                registry:
                    location: registry.speakeasyapi.dev/mixpeek/api/mixpeek-api-python-code-samples
                labelOverride:
                    fixedValue: Python Client
                blocking: false
