speakeasyVersion: 1.535.1
sources:
    Mixpeek API:
        sourceNamespace: mixpeek-api
        sourceRevisionDigest: sha256:7afa69210e2fdf3c2eb15d686e4e57b9b30c05a7d02578e3e8475446424c658d
        sourceBlobDigest: sha256:26e77e854805c84e960ac9b417ceb5f4d2d48e65116247cdad04a22c2216a602
        tags:
            - latest
            - "0.81"
targets:
    mixpeek:
        source: Mixpeek API
        sourceNamespace: mixpeek-api
        sourceRevisionDigest: sha256:7afa69210e2fdf3c2eb15d686e4e57b9b30c05a7d02578e3e8475446424c658d
        sourceBlobDigest: sha256:26e77e854805c84e960ac9b417ceb5f4d2d48e65116247cdad04a22c2216a602
        codeSamplesNamespace: mixpeek-api-python-code-samples
        codeSamplesRevisionDigest: sha256:42d385b248d937224162b4afab2f7429830abb7e37e16389705f21587f724996
workflow:
    workflowVersion: 1.0.0
    speakeasyVersion: latest
    sources:
        Mixpeek API:
            inputs:
                - location: https://server-xb24.onrender.com/docs/openapi.json
            overlays:
                - location: .speakeasy/speakeasy-modifications-overlay.yaml
                - location: security_overlay.yml
            registry:
                location: registry.speakeasyapi.dev/mixpeek/api/mixpeek-api
    targets:
        mixpeek:
            target: python
            source: Mixpeek API
            publish:
                pypi:
                    token: $pypi_token
            codeSamples:
                registry:
                    location: registry.speakeasyapi.dev/mixpeek/api/mixpeek-api-python-code-samples
                labelOverride:
                    fixedValue: Python Client
                blocking: false
