speakeasyVersion: 1.535.1
sources:
    Mixpeek API:
        sourceNamespace: mixpeek-api
        sourceRevisionDigest: sha256:03ad04714cb3fe4dba04d2b517ea554888c58560775c14aa6f3caff06e9c25b6
        sourceBlobDigest: sha256:070f8aab3bbb5c6b8ae01abcc89aa17b3462f771ce226e7329cdc4ba2e7f6fb5
        tags:
            - latest
            - speakeasy-sdk-regen-1745177171
            - "0.81"
targets:
    mixpeek:
        source: Mixpeek API
        sourceNamespace: mixpeek-api
        sourceRevisionDigest: sha256:03ad04714cb3fe4dba04d2b517ea554888c58560775c14aa6f3caff06e9c25b6
        sourceBlobDigest: sha256:070f8aab3bbb5c6b8ae01abcc89aa17b3462f771ce226e7329cdc4ba2e7f6fb5
        codeSamplesNamespace: mixpeek-api-python-code-samples
        codeSamplesRevisionDigest: sha256:026cbcbf5e5a41763d88cfa02ef29d214e38a344c4013bc7b922a3def21ecfe0
workflow:
    workflowVersion: 1.0.0
    speakeasyVersion: latest
    sources:
        Mixpeek API:
            inputs:
                - location: https://server-xb24.onrender.com/docs/openapi.json
            overlays:
                - location: .speakeasy/speakeasy-modifications-overlay.yaml
                - location: security_overlay.yml
            registry:
                location: registry.speakeasyapi.dev/mixpeek/api/mixpeek-api
    targets:
        mixpeek:
            target: python
            source: Mixpeek API
            publish:
                pypi:
                    token: $pypi_token
            codeSamples:
                registry:
                    location: registry.speakeasyapi.dev/mixpeek/api/mixpeek-api-python-code-samples
                labelOverride:
                    fixedValue: Python Client
                blocking: false
